
Microsoft Visual Studio Solution File, Format Version 12.00
# Visual Studio 15
VisualStudioVersion = 15.0.27130.2036
MinimumVisualStudioVersion = 10.0.40219.1
Project("{9A19103F-16F7-4668-BE54-9A1E7A4F7556}") = "WebUI", "WebUI\WebUI.csproj", "{2989C614-D23E-4B33-9DD7-E078BF5B4993}"
EndProject
Project("{2150E333-8FDC-42A3-9474-1A3956D46DE8}") = "DAL", "DAL", "{3EC2642D-E331-4DDF-8B5F-9C6F98D007B9}"
EndProject
Project("{9A19103F-16F7-4668-BE54-9A1E7A4F7556}") = "DAL.Entities", "DAL.Entities\DAL.Entities.csproj", "{91BB94E1-0B5C-4EEF-8FFF-11781995DA85}"
EndProject
Project("{9A19103F-16F7-4668-BE54-9A1E7A4F7556}") = "DAL.Data", "DAL.Data\DAL.Data.csproj", "{F6CB1D9E-AE00-4868-81B0-884E22196457}"
EndProject
Project("{9A19103F-16F7-4668-BE54-9A1E7A4F7556}") = "DAL.Abstractions", "DAL.Abstractions\DAL.Abstractions.csproj", "{82822E52-F44B-4DB2-9CB8-932C4923EF6E}"
EndProject
Project("{9A19103F-16F7-4668-BE54-9A1E7A4F7556}") = "DAL.Implementations", "DAL.Implementations\DAL.Implementations.csproj", "{C8A12737-763C-4B20-96DA-5747842D76DB}"
EndProject
Project("{2150E333-8FDC-42A3-9474-1A3956D46DE8}") = "BLL", "BLL", "{6BA1C3D9-A57E-4C61-8756-D07D8943ABA3}"
EndProject
Project("{9A19103F-16F7-4668-BE54-9A1E7A4F7556}") = "BLL.DTO", "BLL.DTO\BLL.DTO.csproj", "{32E94ED9-C599-45DD-A2CC-1AFD7543F95B}"
EndProject
Project("{9A19103F-16F7-4668-BE54-9A1E7A4F7556}") = "BLL.Abstractions", "BLL.Abstractions\BLL.Abstractions.csproj", "{8CB961D5-0EDF-446F-ACF8-9DA84F64E3C5}"
EndProject
Project("{9A19103F-16F7-4668-BE54-9A1E7A4F7556}") = "BLL.Implementations", "BLL.Implementations\BLL.Implementations.csproj", "{BF896827-BB00-4FD1-A4AD-1A3836D0CEAD}"
EndProject
Project("{9A19103F-16F7-4668-BE54-9A1E7A4F7556}") = "UnitTests", "UnitTests\UnitTests.csproj", "{8047937D-AECF-4233-816D-C3BE045FC929}"
EndProject
Project("{2150E333-8FDC-42A3-9474-1A3956D46DE8}") = "deploy", "deploy", "{A33A15DE-4411-483D-8673-5926627407F6}"
EndProject
Project("{9A19103F-16F7-4668-BE54-9A1E7A4F7556}") = "FtpDeployer", "deploy\FtpDeployer.csproj", "{0F0CF87E-E2A0-461C-85A9-15A3ED1A4120}"
EndProject
Global
	GlobalSection(SolutionConfigurationPlatforms) = preSolution
		Debug|Any CPU = Debug|Any CPU
		Release|Any CPU = Release|Any CPU
	EndGlobalSection
	GlobalSection(ProjectConfigurationPlatforms) = postSolution
		{2989C614-D23E-4B33-9DD7-E078BF5B4993}.Debug|Any CPU.ActiveCfg = Debug|Any CPU
		{2989C614-D23E-4B33-9DD7-E078BF5B4993}.Debug|Any CPU.Build.0 = Debug|Any CPU
		{2989C614-D23E-4B33-9DD7-E078BF5B4993}.Release|Any CPU.ActiveCfg = Release|Any CPU
		{2989C614-D23E-4B33-9DD7-E078BF5B4993}.Release|Any CPU.Build.0 = Release|Any CPU
		{91BB94E1-0B5C-4EEF-8FFF-11781995DA85}.Debug|Any CPU.ActiveCfg = Debug|Any CPU
		{91BB94E1-0B5C-4EEF-8FFF-11781995DA85}.Debug|Any CPU.Build.0 = Debug|Any CPU
		{91BB94E1-0B5C-4EEF-8FFF-11781995DA85}.Release|Any CPU.ActiveCfg = Release|Any CPU
		{91BB94E1-0B5C-4EEF-8FFF-11781995DA85}.Release|Any CPU.Build.0 = Release|Any CPU
		{F6CB1D9E-AE00-4868-81B0-884E22196457}.Debug|Any CPU.ActiveCfg = Debug|Any CPU
		{F6CB1D9E-AE00-4868-81B0-884E22196457}.Debug|Any CPU.Build.0 = Debug|Any CPU
		{F6CB1D9E-AE00-4868-81B0-884E22196457}.Release|Any CPU.ActiveCfg = Release|Any CPU
		{F6CB1D9E-AE00-4868-81B0-884E22196457}.Release|Any CPU.Build.0 = Release|Any CPU
		{82822E52-F44B-4DB2-9CB8-932C4923EF6E}.Debug|Any CPU.ActiveCfg = Debug|Any CPU
		{82822E52-F44B-4DB2-9CB8-932C4923EF6E}.Debug|Any CPU.Build.0 = Debug|Any CPU
		{82822E52-F44B-4DB2-9CB8-932C4923EF6E}.Release|Any CPU.ActiveCfg = Release|Any CPU
		{82822E52-F44B-4DB2-9CB8-932C4923EF6E}.Release|Any CPU.Build.0 = Release|Any CPU
		{C8A12737-763C-4B20-96DA-5747842D76DB}.Debug|Any CPU.ActiveCfg = Debug|Any CPU
		{C8A12737-763C-4B20-96DA-5747842D76DB}.Debug|Any CPU.Build.0 = Debug|Any CPU
		{C8A12737-763C-4B20-96DA-5747842D76DB}.Release|Any CPU.ActiveCfg = Release|Any CPU
		{C8A12737-763C-4B20-96DA-5747842D76DB}.Release|Any CPU.Build.0 = Release|Any CPU
		{32E94ED9-C599-45DD-A2CC-1AFD7543F95B}.Debug|Any CPU.ActiveCfg = Debug|Any CPU
		{32E94ED9-C599-45DD-A2CC-1AFD7543F95B}.Debug|Any CPU.Build.0 = Debug|Any CPU
		{32E94ED9-C599-45DD-A2CC-1AFD7543F95B}.Release|Any CPU.ActiveCfg = Release|Any CPU
		{32E94ED9-C599-45DD-A2CC-1AFD7543F95B}.Release|Any CPU.Build.0 = Release|Any CPU
		{8CB961D5-0EDF-446F-ACF8-9DA84F64E3C5}.Debug|Any CPU.ActiveCfg = Debug|Any CPU
		{8CB961D5-0EDF-446F-ACF8-9DA84F64E3C5}.Debug|Any CPU.Build.0 = Debug|Any CPU
		{8CB961D5-0EDF-446F-ACF8-9DA84F64E3C5}.Release|Any CPU.ActiveCfg = Release|Any CPU
		{8CB961D5-0EDF-446F-ACF8-9DA84F64E3C5}.Release|Any CPU.Build.0 = Release|Any CPU
		{BF896827-BB00-4FD1-A4AD-1A3836D0CEAD}.Debug|Any CPU.ActiveCfg = Debug|Any CPU
		{BF896827-BB00-4FD1-A4AD-1A3836D0CEAD}.Debug|Any CPU.Build.0 = Debug|Any CPU
		{BF896827-BB00-4FD1-A4AD-1A3836D0CEAD}.Release|Any CPU.ActiveCfg = Release|Any CPU
		{BF896827-BB00-4FD1-A4AD-1A3836D0CEAD}.Release|Any CPU.Build.0 = Release|Any CPU
		{8047937D-AECF-4233-816D-C3BE045FC929}.Debug|Any CPU.ActiveCfg = Debug|Any CPU
		{8047937D-AECF-4233-816D-C3BE045FC929}.Debug|Any CPU.Build.0 = Debug|Any CPU
		{8047937D-AECF-4233-816D-C3BE045FC929}.Release|Any CPU.ActiveCfg = Release|Any CPU
		{8047937D-AECF-4233-816D-C3BE045FC929}.Release|Any CPU.Build.0 = Release|Any CPU
		{0F0CF87E-E2A0-461C-85A9-15A3ED1A4120}.Debug|Any CPU.ActiveCfg = Debug|Any CPU
		{0F0CF87E-E2A0-461C-85A9-15A3ED1A4120}.Debug|Any CPU.Build.0 = Debug|Any CPU
		{0F0CF87E-E2A0-461C-85A9-15A3ED1A4120}.Release|Any CPU.ActiveCfg = Release|Any CPU
		{0F0CF87E-E2A0-461C-85A9-15A3ED1A4120}.Release|Any CPU.Build.0 = Release|Any CPU
	EndGlobalSection
	GlobalSection(SolutionProperties) = preSolution
		HideSolutionNode = FALSE
	EndGlobalSection
	GlobalSection(NestedProjects) = preSolution
		{91BB94E1-0B5C-4EEF-8FFF-11781995DA85} = {3EC2642D-E331-4DDF-8B5F-9C6F98D007B9}
		{F6CB1D9E-AE00-4868-81B0-884E22196457} = {3EC2642D-E331-4DDF-8B5F-9C6F98D007B9}
		{82822E52-F44B-4DB2-9CB8-932C4923EF6E} = {3EC2642D-E331-4DDF-8B5F-9C6F98D007B9}
		{C8A12737-763C-4B20-96DA-5747842D76DB} = {3EC2642D-E331-4DDF-8B5F-9C6F98D007B9}
		{32E94ED9-C599-45DD-A2CC-1AFD7543F95B} = {6BA1C3D9-A57E-4C61-8756-D07D8943ABA3}
		{8CB961D5-0EDF-446F-ACF8-9DA84F64E3C5} = {6BA1C3D9-A57E-4C61-8756-D07D8943ABA3}
		{BF896827-BB00-4FD1-A4AD-1A3836D0CEAD} = {6BA1C3D9-A57E-4C61-8756-D07D8943ABA3}
		{0F0CF87E-E2A0-461C-85A9-15A3ED1A4120} = {A33A15DE-4411-483D-8673-5926627407F6}
	EndGlobalSection
	GlobalSection(ExtensibilityGlobals) = postSolution
		SolutionGuid = {E4946524-0AB4-4A27-8BE9-C530E3C11EF4}
	EndGlobalSection
EndGlobal
